
Microsoft Visual Studio Solution File, Format Version 12.00
# Visual Studio 2012
Project("{FAE04EC0-301F-11D3-BF4B-00C04F79EFBC}") = "DictionaryEntityDemo", "DictionaryEntityDemo.csproj", "{B5F00938-D375-4EC6-A62B-3D91B3574D01}"
EndProject
Global
	GlobalSection(SolutionConfigurationPlatforms) = preSolution
		Debug|Any CPU = Debug|Any CPU
		Release|Any CPU = Release|Any CPU
	EndGlobalSection
	GlobalSection(ProjectConfigurationPlatforms) = postSolution
		{B5F00938-D375-4EC6-A62B-3D91B3574D01}.Debug|Any CPU.ActiveCfg = Debug|Any CPU
		{B5F00938-D375-4EC6-A62B-3D91B3574D01}.Debug|Any CPU.Build.0 = Debug|Any CPU
		{B5F00938-D375-4EC6-A62B-3D91B3574D01}.Release|Any CPU.ActiveCfg = Release|Any CPU
		{B5F00938-D375-4EC6-A62B-3D91B3574D01}.Release|Any CPU.Build.0 = Release|Any CPU
	EndGlobalSection
	GlobalSection(SolutionProperties) = preSolution
		HideSolutionNode = FALSE
	EndGlobalSection
EndGlobal
